
Microsoft Visual Studio Solution File, Format Version 12.00
# Visual Studio Version 17
VisualStudioVersion = 17.13.35806.99
MinimumVisualStudioVersion = 10.0.40219.1
Project("{FAE04EC0-301F-11D3-BF4B-00C04F79EFBC}") = "DemoBookStoreAPI", "DemoBookStoreAPI\DemoBookStoreAPI.csproj", "{2BF45254-DA8B-4866-BB46-6CE9CA2EBBDA}"
EndProject
Project("{FAE04EC0-301F-11D3-BF4B-00C04F79EFBC}") = "DemoBookStoreAPI.DTOs", "..\BookShop1\BookShop.DTOs\DemoBookStoreAPI.DTOs.csproj", "{64D87D42-58D2-DE34-3A70-5EBD2407C728}"
EndProject
Project("{FAE04EC0-301F-11D3-BF4B-00C04F79EFBC}") = "DemoBookStoreAPI.Models", "DemoBookStoreAPI.Models\DemoBookStoreAPI.Models.csproj", "{51E14CE9-BEB4-4D80-9E5E-EE5FF94230F4}"
EndProject
Global
	GlobalSection(SolutionConfigurationPlatforms) = preSolution
		Debug|Any CPU = Debug|Any CPU
		Release|Any CPU = Release|Any CPU
	EndGlobalSection
	GlobalSection(ProjectConfigurationPlatforms) = postSolution
		{2BF45254-DA8B-4866-BB46-6CE9CA2EBBDA}.Debug|Any CPU.ActiveCfg = Debug|Any CPU
		{2BF45254-DA8B-4866-BB46-6CE9CA2EBBDA}.Debug|Any CPU.Build.0 = Debug|Any CPU
		{2BF45254-DA8B-4866-BB46-6CE9CA2EBBDA}.Release|Any CPU.ActiveCfg = Release|Any CPU
		{2BF45254-DA8B-4866-BB46-6CE9CA2EBBDA}.Release|Any CPU.Build.0 = Release|Any CPU
		{64D87D42-58D2-DE34-3A70-5EBD2407C728}.Debug|Any CPU.ActiveCfg = Debug|Any CPU
		{64D87D42-58D2-DE34-3A70-5EBD2407C728}.Debug|Any CPU.Build.0 = Debug|Any CPU
		{64D87D42-58D2-DE34-3A70-5EBD2407C728}.Release|Any CPU.ActiveCfg = Release|Any CPU
		{64D87D42-58D2-DE34-3A70-5EBD2407C728}.Release|Any CPU.Build.0 = Release|Any CPU
		{51E14CE9-BEB4-4D80-9E5E-EE5FF94230F4}.Debug|Any CPU.ActiveCfg = Debug|Any CPU
		{51E14CE9-BEB4-4D80-9E5E-EE5FF94230F4}.Debug|Any CPU.Build.0 = Debug|Any CPU
		{51E14CE9-BEB4-4D80-9E5E-EE5FF94230F4}.Release|Any CPU.ActiveCfg = Release|Any CPU
		{51E14CE9-BEB4-4D80-9E5E-EE5FF94230F4}.Release|Any CPU.Build.0 = Release|Any CPU
	EndGlobalSection
	GlobalSection(SolutionProperties) = preSolution
		HideSolutionNode = FALSE
	EndGlobalSection
	GlobalSection(ExtensibilityGlobals) = postSolution
		SolutionGuid = {6B04F014-D1FE-4680-904D-DBB963942A6E}
	EndGlobalSection
EndGlobal
